
Microsoft Visual Studio Solution File, Format Version 12.00
# Visual Studio Version 17
VisualStudioVersion = 17.1.32210.238
MinimumVisualStudioVersion = 10.0.40219.1
Project("{FAE04EC0-301F-11D3-BF4B-00C04F79EFBC}") = "FooApp.UWP", "FooApp\FooApp.UWP\FooApp.UWP.csproj", "{FEC9D1CC-AF75-496C-BE44-99589BE829DD}"
EndProject
Project("{FAE04EC0-301F-11D3-BF4B-00C04F79EFBC}") = "FooApp.Android", "FooApp\FooApp.Android\FooApp.Android.csproj", "{C1716260-A235-4184-92DE-5BDD4AF1E733}"
EndProject
Project("{FAE04EC0-301F-11D3-BF4B-00C04F79EFBC}") = "FooApp.iOS", "FooApp\FooApp.iOS\FooApp.iOS.csproj", "{942998CD-4789-4A83-B047-8CA0160DCC05}"
EndProject
Project("{FAE04EC0-301F-11D3-BF4B-00C04F79EFBC}") = "FooApp", "FooApp\FooApp\FooApp.csproj", "{26E39AEF-505F-4311-8C1F-DBFF13C8A51C}"
EndProject
Project("{FAE04EC0-301F-11D3-BF4B-00C04F79EFBC}") = "FooApp.Wpf", "FooApp.Wpf\FooApp.Wpf.csproj", "{E79F1257-747B-4F17-9180-BC548BA75096}"
EndProject
Global
	GlobalSection(SolutionConfigurationPlatforms) = preSolution
		Debug|Any CPU = Debug|Any CPU
		Debug|ARM = Debug|ARM
		Debug|iPhone = Debug|iPhone
		Debug|iPhoneSimulator = Debug|iPhoneSimulator
		Debug|x64 = Debug|x64
		Debug|x86 = Debug|x86
		Release|Any CPU = Release|Any CPU
		Release|ARM = Release|ARM
		Release|iPhone = Release|iPhone
		Release|iPhoneSimulator = Release|iPhoneSimulator
		Release|x64 = Release|x64
		Release|x86 = Release|x86
	EndGlobalSection
	GlobalSection(ProjectConfigurationPlatforms) = postSolution
		{FEC9D1CC-AF75-496C-BE44-99589BE829DD}.Debug|Any CPU.ActiveCfg = Debug|x64
		{FEC9D1CC-AF75-496C-BE44-99589BE829DD}.Debug|Any CPU.Build.0 = Debug|x64
		{FEC9D1CC-AF75-496C-BE44-99589BE829DD}.Debug|Any CPU.Deploy.0 = Debug|x64
		{FEC9D1CC-AF75-496C-BE44-99589BE829DD}.Debug|ARM.ActiveCfg = Debug|ARM
		{FEC9D1CC-AF75-496C-BE44-99589BE829DD}.Debug|ARM.Build.0 = Debug|ARM
		{FEC9D1CC-AF75-496C-BE44-99589BE829DD}.Debug|ARM.Deploy.0 = Debug|ARM
		{FEC9D1CC-AF75-496C-BE44-99589BE829DD}.Debug|iPhone.ActiveCfg = Debug|x64
		{FEC9D1CC-AF75-496C-BE44-99589BE829DD}.Debug|iPhone.Build.0 = Debug|x64
		{FEC9D1CC-AF75-496C-BE44-99589BE829DD}.Debug|iPhone.Deploy.0 = Debug|x64
		{FEC9D1CC-AF75-496C-BE44-99589BE829DD}.Debug|iPhoneSimulator.ActiveCfg = Debug|x64
		{FEC9D1CC-AF75-496C-BE44-99589BE829DD}.Debug|iPhoneSimulator.Build.0 = Debug|x64
		{FEC9D1CC-AF75-496C-BE44-99589BE829DD}.Debug|iPhoneSimulator.Deploy.0 = Debug|x64
		{FEC9D1CC-AF75-496C-BE44-99589BE829DD}.Debug|x64.ActiveCfg = Debug|x64
		{FEC9D1CC-AF75-496C-BE44-99589BE829DD}.Debug|x64.Build.0 = Debug|x64
		{FEC9D1CC-AF75-496C-BE44-99589BE829DD}.Debug|x64.Deploy.0 = Debug|x64
		{FEC9D1CC-AF75-496C-BE44-99589BE829DD}.Debug|x86.ActiveCfg = Debug|x86
		{FEC9D1CC-AF75-496C-BE44-99589BE829DD}.Debug|x86.Build.0 = Debug|x86
		{FEC9D1CC-AF75-496C-BE44-99589BE829DD}.Debug|x86.Deploy.0 = Debug|x86
		{FEC9D1CC-AF75-496C-BE44-99589BE829DD}.Release|Any CPU.ActiveCfg = Release|x64
		{FEC9D1CC-AF75-496C-BE44-99589BE829DD}.Release|Any CPU.Build.0 = Release|x64
		{FEC9D1CC-AF75-496C-BE44-99589BE829DD}.Release|Any CPU.Deploy.0 = Release|x64
		{FEC9D1CC-AF75-496C-BE44-99589BE829DD}.Release|ARM.ActiveCfg = Release|ARM
		{FEC9D1CC-AF75-496C-BE44-99589BE829DD}.Release|ARM.Build.0 = Release|ARM
		{FEC9D1CC-AF75-496C-BE44-99589BE829DD}.Release|ARM.Deploy.0 = Release|ARM
		{FEC9D1CC-AF75-496C-BE44-99589BE829DD}.Release|iPhone.ActiveCfg = Release|x64
		{FEC9D1CC-AF75-496C-BE44-99589BE829DD}.Release|iPhone.Build.0 = Release|x64
		{FEC9D1CC-AF75-496C-BE44-99589BE829DD}.Release|iPhone.Deploy.0 = Release|x64
		{FEC9D1CC-AF75-496C-BE44-99589BE829DD}.Release|iPhoneSimulator.ActiveCfg = Release|x64
		{FEC9D1CC-AF75-496C-BE44-99589BE829DD}.Release|iPhoneSimulator.Build.0 = Release|x64
		{FEC9D1CC-AF75-496C-BE44-99589BE829DD}.Release|iPhoneSimulator.Deploy.0 = Release|x64
		{FEC9D1CC-AF75-496C-BE44-99589BE829DD}.Release|x64.ActiveCfg = Release|x64
		{FEC9D1CC-AF75-496C-BE44-99589BE829DD}.Release|x64.Build.0 = Release|x64
		{FEC9D1CC-AF75-496C-BE44-99589BE829DD}.Release|x64.Deploy.0 = Release|x64
		{FEC9D1CC-AF75-496C-BE44-99589BE829DD}.Release|x86.ActiveCfg = Release|x86
		{FEC9D1CC-AF75-496C-BE44-99589BE829DD}.Release|x86.Build.0 = Release|x86
		{FEC9D1CC-AF75-496C-BE44-99589BE829DD}.Release|x86.Deploy.0 = Release|x86
		{C1716260-A235-4184-92DE-5BDD4AF1E733}.Debug|Any CPU.ActiveCfg = Debug|Any CPU
		{C1716260-A235-4184-92DE-5BDD4AF1E733}.Debug|Any CPU.Build.0 = Debug|Any CPU
		{C1716260-A235-4184-92DE-5BDD4AF1E733}.Debug|Any CPU.Deploy.0 = Debug|Any CPU
		{C1716260-A235-4184-92DE-5BDD4AF1E733}.Debug|ARM.ActiveCfg = Debug|Any CPU
		{C1716260-A235-4184-92DE-5BDD4AF1E733}.Debug|ARM.Build.0 = Debug|Any CPU
		{C1716260-A235-4184-92DE-5BDD4AF1E733}.Debug|ARM.Deploy.0 = Debug|Any CPU
		{C1716260-A235-4184-92DE-5BDD4AF1E733}.Debug|iPhone.ActiveCfg = Debug|Any CPU
		{C1716260-A235-4184-92DE-5BDD4AF1E733}.Debug|iPhone.Build.0 = Debug|Any CPU
		{C1716260-A235-4184-92DE-5BDD4AF1E733}.Debug|iPhone.Deploy.0 = Debug|Any CPU
		{C1716260-A235-4184-92DE-5BDD4AF1E733}.Debug|iPhoneSimulator.ActiveCfg = Debug|Any CPU
		{C1716260-A235-4184-92DE-5BDD4AF1E733}.Debug|iPhoneSimulator.Build.0 = Debug|Any CPU
		{C1716260-A235-4184-92DE-5BDD4AF1E733}.Debug|iPhoneSimulator.Deploy.0 = Debug|Any CPU
		{C1716260-A235-4184-92DE-5BDD4AF1E733}.Debug|x64.ActiveCfg = Debug|Any CPU
		{C1716260-A235-4184-92DE-5BDD4AF1E733}.Debug|x64.Build.0 = Debug|Any CPU
		{C1716260-A235-4184-92DE-5BDD4AF1E733}.Debug|x64.Deploy.0 = Debug|Any CPU
		{C1716260-A235-4184-92DE-5BDD4AF1E733}.Debug|x86.ActiveCfg = Debug|Any CPU
		{C1716260-A235-4184-92DE-5BDD4AF1E733}.Debug|x86.Build.0 = Debug|Any CPU
		{C1716260-A235-4184-92DE-5BDD4AF1E733}.Debug|x86.Deploy.0 = Debug|Any CPU
		{C1716260-A235-4184-92DE-5BDD4AF1E733}.Release|Any CPU.ActiveCfg = Release|Any CPU
		{C1716260-A235-4184-92DE-5BDD4AF1E733}.Release|Any CPU.Build.0 = Release|Any CPU
		{C1716260-A235-4184-92DE-5BDD4AF1E733}.Release|Any CPU.Deploy.0 = Release|Any CPU
		{C1716260-A235-4184-92DE-5BDD4AF1E733}.Release|ARM.ActiveCfg = Release|Any CPU
		{C1716260-A235-4184-92DE-5BDD4AF1E733}.Release|ARM.Build.0 = Release|Any CPU
		{C1716260-A235-4184-92DE-5BDD4AF1E733}.Release|ARM.Deploy.0 = Release|Any CPU
		{C1716260-A235-4184-92DE-5BDD4AF1E733}.Release|iPhone.ActiveCfg = Release|Any CPU
		{C1716260-A235-4184-92DE-5BDD4AF1E733}.Release|iPhone.Build.0 = Release|Any CPU
		{C1716260-A235-4184-92DE-5BDD4AF1E733}.Release|iPhone.Deploy.0 = Release|Any CPU
		{C1716260-A235-4184-92DE-5BDD4AF1E733}.Release|iPhoneSimulator.ActiveCfg = Release|Any CPU
		{C1716260-A235-4184-92DE-5BDD4AF1E733}.Release|iPhoneSimulator.Build.0 = Release|Any CPU
		{C1716260-A235-4184-92DE-5BDD4AF1E733}.Release|iPhoneSimulator.Deploy.0 = Release|Any CPU
		{C1716260-A235-4184-92DE-5BDD4AF1E733}.Release|x64.ActiveCfg = Release|Any CPU
		{C1716260-A235-4184-92DE-5BDD4AF1E733}.Release|x64.Build.0 = Release|Any CPU
		{C1716260-A235-4184-92DE-5BDD4AF1E733}.Release|x64.Deploy.0 = Release|Any CPU
		{C1716260-A235-4184-92DE-5BDD4AF1E733}.Release|x86.ActiveCfg = Release|Any CPU
		{C1716260-A235-4184-92DE-5BDD4AF1E733}.Release|x86.Build.0 = Release|Any CPU
		{C1716260-A235-4184-92DE-5BDD4AF1E733}.Release|x86.Deploy.0 = Release|Any CPU
		{942998CD-4789-4A83-B047-8CA0160DCC05}.Debug|Any CPU.ActiveCfg = Debug|iPhoneSimulator
		{942998CD-4789-4A83-B047-8CA0160DCC05}.Debug|Any CPU.Build.0 = Debug|iPhoneSimulator
		{942998CD-4789-4A83-B047-8CA0160DCC05}.Debug|Any CPU.Deploy.0 = Debug|iPhoneSimulator
		{942998CD-4789-4A83-B047-8CA0160DCC05}.Debug|ARM.ActiveCfg = Debug|iPhoneSimulator
		{942998CD-4789-4A83-B047-8CA0160DCC05}.Debug|ARM.Build.0 = Debug|iPhoneSimulator
		{942998CD-4789-4A83-B047-8CA0160DCC05}.Debug|ARM.Deploy.0 = Debug|iPhoneSimulator
		{942998CD-4789-4A83-B047-8CA0160DCC05}.Debug|iPhone.ActiveCfg = Debug|iPhone
		{942998CD-4789-4A83-B047-8CA0160DCC05}.Debug|iPhone.Build.0 = Debug|iPhone
		{942998CD-4789-4A83-B047-8CA0160DCC05}.Debug|iPhone.Deploy.0 = Debug|iPhone
		{942998CD-4789-4A83-B047-8CA0160DCC05}.Debug|iPhoneSimulator.ActiveCfg = Debug|iPhoneSimulator
		{942998CD-4789-4A83-B047-8CA0160DCC05}.Debug|iPhoneSimulator.Build.0 = Debug|iPhoneSimulator
		{942998CD-4789-4A83-B047-8CA0160DCC05}.Debug|iPhoneSimulator.Deploy.0 = Debug|iPhoneSimulator
		{942998CD-4789-4A83-B047-8CA0160DCC05}.Debug|x64.ActiveCfg = Debug|iPhone
		{942998CD-4789-4A83-B047-8CA0160DCC05}.Debug|x64.Build.0 = Debug|iPhone
		{942998CD-4789-4A83-B047-8CA0160DCC05}.Debug|x64.Deploy.0 = Debug|iPhone
		{942998CD-4789-4A83-B047-8CA0160DCC05}.Debug|x86.ActiveCfg = Debug|iPhoneSimulator
		{942998CD-4789-4A83-B047-8CA0160DCC05}.Debug|x86.Build.0 = Debug|iPhoneSimulator
		{942998CD-4789-4A83-B047-8CA0160DCC05}.Debug|x86.Deploy.0 = Debug|iPhoneSimulator
		{942998CD-4789-4A83-B047-8CA0160DCC05}.Release|Any CPU.ActiveCfg = Release|iPhoneSimulator
		{942998CD-4789-4A83-B047-8CA0160DCC05}.Release|Any CPU.Build.0 = Release|iPhoneSimulator
		{942998CD-4789-4A83-B047-8CA0160DCC05}.Release|Any CPU.Deploy.0 = Release|iPhoneSimulator
		{942998CD-4789-4A83-B047-8CA0160DCC05}.Release|ARM.ActiveCfg = Release|iPhoneSimulator
		{942998CD-4789-4A83-B047-8CA0160DCC05}.Release|ARM.Build.0 = Release|iPhoneSimulator
		{942998CD-4789-4A83-B047-8CA0160DCC05}.Release|ARM.Deploy.0 = Release|iPhoneSimulator
		{942998CD-4789-4A83-B047-8CA0160DCC05}.Release|iPhone.ActiveCfg = Release|iPhone
		{942998CD-4789-4A83-B047-8CA0160DCC05}.Release|iPhone.Build.0 = Release|iPhone
		{942998CD-4789-4A83-B047-8CA0160DCC05}.Release|iPhone.Deploy.0 = Release|iPhone
		{942998CD-4789-4A83-B047-8CA0160DCC05}.Release|iPhoneSimulator.ActiveCfg = Release|iPhoneSimulator
		{942998CD-4789-4A83-B047-8CA0160DCC05}.Release|iPhoneSimulator.Build.0 = Release|iPhoneSimulator
		{942998CD-4789-4A83-B047-8CA0160DCC05}.Release|iPhoneSimulator.Deploy.0 = Release|iPhoneSimulator
		{942998CD-4789-4A83-B047-8CA0160DCC05}.Release|x64.ActiveCfg = Release|iPhoneSimulator
		{942998CD-4789-4A83-B047-8CA0160DCC05}.Release|x64.Build.0 = Release|iPhoneSimulator
		{942998CD-4789-4A83-B047-8CA0160DCC05}.Release|x64.Deploy.0 = Release|iPhoneSimulator
		{942998CD-4789-4A83-B047-8CA0160DCC05}.Release|x86.ActiveCfg = Release|iPhoneSimulator
		{942998CD-4789-4A83-B047-8CA0160DCC05}.Release|x86.Build.0 = Release|iPhoneSimulator
		{942998CD-4789-4A83-B047-8CA0160DCC05}.Release|x86.Deploy.0 = Release|iPhoneSimulator
		{26E39AEF-505F-4311-8C1F-DBFF13C8A51C}.Debug|Any CPU.ActiveCfg = Debug|Any CPU
		{26E39AEF-505F-4311-8C1F-DBFF13C8A51C}.Debug|Any CPU.Build.0 = Debug|Any CPU
		{26E39AEF-505F-4311-8C1F-DBFF13C8A51C}.Debug|Any CPU.Deploy.0 = Debug|Any CPU
		{26E39AEF-505F-4311-8C1F-DBFF13C8A51C}.Debug|ARM.ActiveCfg = Debug|Any CPU
		{26E39AEF-505F-4311-8C1F-DBFF13C8A51C}.Debug|ARM.Build.0 = Debug|Any CPU
		{26E39AEF-505F-4311-8C1F-DBFF13C8A51C}.Debug|ARM.Deploy.0 = Debug|Any CPU
		{26E39AEF-505F-4311-8C1F-DBFF13C8A51C}.Debug|iPhone.ActiveCfg = Debug|Any CPU
		{26E39AEF-505F-4311-8C1F-DBFF13C8A51C}.Debug|iPhone.Build.0 = Debug|Any CPU
		{26E39AEF-505F-4311-8C1F-DBFF13C8A51C}.Debug|iPhone.Deploy.0 = Debug|Any CPU
		{26E39AEF-505F-4311-8C1F-DBFF13C8A51C}.Debug|iPhoneSimulator.ActiveCfg = Debug|Any CPU
		{26E39AEF-505F-4311-8C1F-DBFF13C8A51C}.Debug|iPhoneSimulator.Build.0 = Debug|Any CPU
		{26E39AEF-505F-4311-8C1F-DBFF13C8A51C}.Debug|iPhoneSimulator.Deploy.0 = Debug|Any CPU
		{26E39AEF-505F-4311-8C1F-DBFF13C8A51C}.Debug|x64.ActiveCfg = Debug|Any CPU
		{26E39AEF-505F-4311-8C1F-DBFF13C8A51C}.Debug|x64.Build.0 = Debug|Any CPU
		{26E39AEF-505F-4311-8C1F-DBFF13C8A51C}.Debug|x64.Deploy.0 = Debug|Any CPU
		{26E39AEF-505F-4311-8C1F-DBFF13C8A51C}.Debug|x86.ActiveCfg = Debug|Any CPU
		{26E39AEF-505F-4311-8C1F-DBFF13C8A51C}.Debug|x86.Build.0 = Debug|Any CPU
		{26E39AEF-505F-4311-8C1F-DBFF13C8A51C}.Debug|x86.Deploy.0 = Debug|Any CPU
		{26E39AEF-505F-4311-8C1F-DBFF13C8A51C}.Release|Any CPU.ActiveCfg = Release|Any CPU
		{26E39AEF-505F-4311-8C1F-DBFF13C8A51C}.Release|Any CPU.Build.0 = Release|Any CPU
		{26E39AEF-505F-4311-8C1F-DBFF13C8A51C}.Release|Any CPU.Deploy.0 = Release|Any CPU
		{26E39AEF-505F-4311-8C1F-DBFF13C8A51C}.Release|ARM.ActiveCfg = Release|Any CPU
		{26E39AEF-505F-4311-8C1F-DBFF13C8A51C}.Release|ARM.Build.0 = Release|Any CPU
		{26E39AEF-505F-4311-8C1F-DBFF13C8A51C}.Release|ARM.Deploy.0 = Release|Any CPU
		{26E39AEF-505F-4311-8C1F-DBFF13C8A51C}.Release|iPhone.ActiveCfg = Release|Any CPU
		{26E39AEF-505F-4311-8C1F-DBFF13C8A51C}.Release|iPhone.Build.0 = Release|Any CPU
		{26E39AEF-505F-4311-8C1F-DBFF13C8A51C}.Release|iPhone.Deploy.0 = Release|Any CPU
		{26E39AEF-505F-4311-8C1F-DBFF13C8A51C}.Release|iPhoneSimulator.ActiveCfg = Release|Any CPU
		{26E39AEF-505F-4311-8C1F-DBFF13C8A51C}.Release|iPhoneSimulator.Build.0 = Release|Any CPU
		{26E39AEF-505F-4311-8C1F-DBFF13C8A51C}.Release|iPhoneSimulator.Deploy.0 = Release|Any CPU
		{26E39AEF-505F-4311-8C1F-DBFF13C8A51C}.Release|x64.ActiveCfg = Release|Any CPU
		{26E39AEF-505F-4311-8C1F-DBFF13C8A51C}.Release|x64.Build.0 = Release|Any CPU
		{26E39AEF-505F-4311-8C1F-DBFF13C8A51C}.Release|x64.Deploy.0 = Release|Any CPU
		{26E39AEF-505F-4311-8C1F-DBFF13C8A51C}.Release|x86.ActiveCfg = Release|Any CPU
		{26E39AEF-505F-4311-8C1F-DBFF13C8A51C}.Release|x86.Build.0 = Release|Any CPU
		{26E39AEF-505F-4311-8C1F-DBFF13C8A51C}.Release|x86.Deploy.0 = Release|Any CPU
		{E79F1257-747B-4F17-9180-BC548BA75096}.Debug|Any CPU.ActiveCfg = Debug|Any CPU
		{E79F1257-747B-4F17-9180-BC548BA75096}.Debug|Any CPU.Build.0 = Debug|Any CPU
		{E79F1257-747B-4F17-9180-BC548BA75096}.Debug|ARM.ActiveCfg = Debug|Any CPU
		{E79F1257-747B-4F17-9180-BC548BA75096}.Debug|ARM.Build.0 = Debug|Any CPU
		{E79F1257-747B-4F17-9180-BC548BA75096}.Debug|iPhone.ActiveCfg = Debug|Any CPU
		{E79F1257-747B-4F17-9180-BC548BA75096}.Debug|iPhone.Build.0 = Debug|Any CPU
		{E79F1257-747B-4F17-9180-BC548BA75096}.Debug|iPhoneSimulator.ActiveCfg = Debug|Any CPU
		{E79F1257-747B-4F17-9180-BC548BA75096}.Debug|iPhoneSimulator.Build.0 = Debug|Any CPU
		{E79F1257-747B-4F17-9180-BC548BA75096}.Debug|x64.ActiveCfg = Debug|Any CPU
		{E79F1257-747B-4F17-9180-BC548BA75096}.Debug|x64.Build.0 = Debug|Any CPU
		{E79F1257-747B-4F17-9180-BC548BA75096}.Debug|x86.ActiveCfg = Debug|Any CPU
		{E79F1257-747B-4F17-9180-BC548BA75096}.Debug|x86.Build.0 = Debug|Any CPU
		{E79F1257-747B-4F17-9180-BC548BA75096}.Release|Any CPU.ActiveCfg = Release|Any CPU
		{E79F1257-747B-4F17-9180-BC548BA75096}.Release|Any CPU.Build.0 = Release|Any CPU
		{E79F1257-747B-4F17-9180-BC548BA75096}.Release|ARM.ActiveCfg = Release|Any CPU
		{E79F1257-747B-4F17-9180-BC548BA75096}.Release|ARM.Build.0 = Release|Any CPU
		{E79F1257-747B-4F17-9180-BC548BA75096}.Release|iPhone.ActiveCfg = Release|Any CPU
		{E79F1257-747B-4F17-9180-BC548BA75096}.Release|iPhone.Build.0 = Release|Any CPU
		{E79F1257-747B-4F17-9180-BC548BA75096}.Release|iPhoneSimulator.ActiveCfg = Release|Any CPU
		{E79F1257-747B-4F17-9180-BC548BA75096}.Release|iPhoneSimulator.Build.0 = Release|Any CPU
		{E79F1257-747B-4F17-9180-BC548BA75096}.Release|x64.ActiveCfg = Release|Any CPU
		{E79F1257-747B-4F17-9180-BC548BA75096}.Release|x64.Build.0 = Release|Any CPU
		{E79F1257-747B-4F17-9180-BC548BA75096}.Release|x86.ActiveCfg = Release|Any CPU
		{E79F1257-747B-4F17-9180-BC548BA75096}.Release|x86.Build.0 = Release|Any CPU
	EndGlobalSection
	GlobalSection(SolutionProperties) = preSolution
		HideSolutionNode = FALSE
	EndGlobalSection
	GlobalSection(ExtensibilityGlobals) = postSolution
		SolutionGuid = {65E7CDB2-0FBB-46E4-B5D3-8472417FE4B8}
	EndGlobalSection
EndGlobal
